
Microsoft Visual Studio Solution File, Format Version 12.00
# Visual Studio Version 17
VisualStudioVersion = 17.8.34330.188
MinimumVisualStudioVersion = 10.0.40219.1
Project("{FAE04EC0-301F-11D3-BF4B-00C04F79EFBC}") = "WindowsFormsApp17", "WindowsFormsApp17\WindowsFormsApp17.csproj", "{122E484C-1C15-46A9-BB57-580607826671}"
EndProject
Global
	GlobalSection(SolutionConfigurationPlatforms) = preSolution
		Debug|Any CPU = Debug|Any CPU
		Release|Any CPU = Release|Any CPU
	EndGlobalSection
	GlobalSection(ProjectConfigurationPlatforms) = postSolution
		{122E484C-1C15-46A9-BB57-580607826671}.Debug|Any CPU.ActiveCfg = Debug|Any CPU
		{122E484C-1C15-46A9-BB57-580607826671}.Debug|Any CPU.Build.0 = Debug|Any CPU
		{122E484C-1C15-46A9-BB57-580607826671}.Release|Any CPU.ActiveCfg = Release|Any CPU
		{122E484C-1C15-46A9-BB57-580607826671}.Release|Any CPU.Build.0 = Release|Any CPU
	EndGlobalSection
	GlobalSection(SolutionProperties) = preSolution
		HideSolutionNode = FALSE
	EndGlobalSection
	GlobalSection(ExtensibilityGlobals) = postSolution
		SolutionGuid = {52DCC362-ABB7-44DE-9D71-EE1D14A6F870}
	EndGlobalSection
EndGlobal
